// !$*UTF8*$!
{
	archiveVersion = 1;
	classes = {
	};
	objectVersion = 48;
	objects = {

/* Begin PBXBuildFile section */
		B90B9BB620100C3000EE501D /* AppDelegate.swift in Sources */ = {isa = PBXBuildFile; fileRef = B90B9BB520100C3000EE501D /* AppDelegate.swift */; };
		B90B9BB820100C3000EE501D /* HomeScreenVC.swift in Sources */ = {isa = PBXBuildFile; fileRef = B90B9BB720100C3000EE501D /* HomeScreenVC.swift */; };
		B90B9BBB20100C3000EE501D /* Main.storyboard in Resources */ = {isa = PBXBuildFile; fileRef = B90B9BB920100C3000EE501D /* Main.storyboard */; };
		B90B9BBD20100C3000EE501D /* Assets.xcassets in Resources */ = {isa = PBXBuildFile; fileRef = B90B9BBC20100C3000EE501D /* Assets.xcassets */; };
		B90B9BC020100C3000EE501D /* LaunchScreen.storyboard in Resources */ = {isa = PBXBuildFile; fileRef = B90B9BBE20100C3000EE501D /* LaunchScreen.storyboard */; };
		B916E12520117F8D0032397B /* PreviewVC.swift in Sources */ = {isa = PBXBuildFile; fileRef = B916E12320117F8D0032397B /* PreviewVC.swift */; };
		B916E12620117F8D0032397B /* PreviewVC.xib in Resources */ = {isa = PBXBuildFile; fileRef = B916E12420117F8D0032397B /* PreviewVC.xib */; };
		B966F0832012987F002E7760 /* images.json in Resources */ = {isa = PBXBuildFile; fileRef = B966F0822012987F002E7760 /* images.json */; };
		B966F086201299FB002E7760 /* Model.swift in Sources */ = {isa = PBXBuildFile; fileRef = B966F085201299FB002E7760 /* Model.swift */; };
		B966F08820129BA6002E7760 /* NetworkingService.swift in Sources */ = {isa = PBXBuildFile; fileRef = B966F08720129BA6002E7760 /* NetworkingService.swift */; };
		B9B9208F20100DD90012CB3D /* Zip.framework in Frameworks */ = {isa = PBXBuildFile; fileRef = B9B9208E20100DD90012CB3D /* Zip.framework */; };
		B9B9209020100DD90012CB3D /* Zip.framework in Embed Frameworks */ = {isa = PBXBuildFile; fileRef = B9B9208E20100DD90012CB3D /* Zip.framework */; settings = {ATTRIBUTES = (CodeSignOnCopy, RemoveHeadersOnCopy, ); }; };
		B9B92094201016450012CB3D /* Alamofire.framework in Embed Frameworks */ = {isa = PBXBuildFile; fileRef = B9B92093201016450012CB3D /* Alamofire.framework */; settings = {ATTRIBUTES = (CodeSignOnCopy, RemoveHeadersOnCopy, ); }; };
		B9B920D820117A940012CB3D /* CollectionVC.swift in Sources */ = {isa = PBXBuildFile; fileRef = B9B920D620117A940012CB3D /* CollectionVC.swift */; };
		B9B920D920117A940012CB3D /* CollectionVC.xib in Resources */ = {isa = PBXBuildFile; fileRef = B9B920D720117A940012CB3D /* CollectionVC.xib */; };
		B9B920DD20117ADD0012CB3D /* ImageCollectionCell.swift in Sources */ = {isa = PBXBuildFile; fileRef = B9B920DB20117ADD0012CB3D /* ImageCollectionCell.swift */; };
		B9B920DE20117ADD0012CB3D /* ImageCollectionCell.xib in Resources */ = {isa = PBXBuildFile; fileRef = B9B920DC20117ADD0012CB3D /* ImageCollectionCell.xib */; };
		B9B920E120117C9A0012CB3D /* TableViewCell.swift in Sources */ = {isa = PBXBuildFile; fileRef = B9B920DF20117C9A0012CB3D /* TableViewCell.swift */; };
		B9B920E220117C9A0012CB3D /* TableViewCell.xib in Resources */ = {isa = PBXBuildFile; fileRef = B9B920E020117C9A0012CB3D /* TableViewCell.xib */; };
/* End PBXBuildFile section */

/* Begin PBXCopyFilesBuildPhase section */
		B9B9209120100DD90012CB3D /* Embed Frameworks */ = {
			isa = PBXCopyFilesBuildPhase;
			buildActionMask = 2147483647;
			dstPath = "";
			dstSubfolderSpec = 10;
			files = (
				B9B9209020100DD90012CB3D /* Zip.framework in Embed Frameworks */,
				B9B92094201016450012CB3D /* Alamofire.framework in Embed Frameworks */,
			);
			name = "Embed Frameworks";
			runOnlyForDeploymentPostprocessing = 0;
		};
/* End PBXCopyFilesBuildPhase section */

/* Begin PBXFileReference section */
		B90B9BB220100C3000EE501D /* ZogoFoto.app */ = {isa = PBXFileReference; explicitFileType = wrapper.application; includeInIndex = 0; path = ZogoFoto.app; sourceTree = BUILT_PRODUCTS_DIR; };
		B90B9BB520100C3000EE501D /* AppDelegate.swift */ = {isa = PBXFileReference; lastKnownFileType = sourcecode.swift; path = AppDelegate.swift; sourceTree = "<group>"; };
		B90B9BB720100C3000EE501D /* HomeScreenVC.swift */ = {isa = PBXFileReference; lastKnownFileType = sourcecode.swift; path = HomeScreenVC.swift; sourceTree = "<group>"; };
		B90B9BBA20100C3000EE501D /* Base */ = {isa = PBXFileReference; lastKnownFileType = file.storyboard; name = Base; path = Base.lproj/Main.storyboard; sourceTree = "<group>"; };
		B90B9BBC20100C3000EE501D /* Assets.xcassets */ = {isa = PBXFileReference; lastKnownFileType = folder.assetcatalog; path = Assets.xcassets; sourceTree = "<group>"; };
		B90B9BBF20100C3000EE501D /* Base */ = {isa = PBXFileReference; lastKnownFileType = file.storyboard; name = Base; path = Base.lproj/LaunchScreen.storyboard; sourceTree = "<group>"; };
		B90B9BC120100C3000EE501D /* Info.plist */ = {isa = PBXFileReference; lastKnownFileType = text.plist.xml; path = Info.plist; sourceTree = "<group>"; };
		B916E12320117F8D0032397B /* PreviewVC.swift */ = {isa = PBXFileReference; lastKnownFileType = sourcecode.swift; path = PreviewVC.swift; sourceTree = "<group>"; };
		B916E12420117F8D0032397B /* PreviewVC.xib */ = {isa = PBXFileReference; lastKnownFileType = file.xib; path = PreviewVC.xib; sourceTree = "<group>"; };
		B966F0822012987F002E7760 /* images.json */ = {isa = PBXFileReference; lastKnownFileType = text.json; path = images.json; sourceTree = "<group>"; };
		B966F085201299FB002E7760 /* Model.swift */ = {isa = PBXFileReference; lastKnownFileType = sourcecode.swift; path = Model.swift; sourceTree = "<group>"; };
		B966F08720129BA6002E7760 /* NetworkingService.swift */ = {isa = PBXFileReference; lastKnownFileType = sourcecode.swift; path = NetworkingService.swift; sourceTree = "<group>"; };
		B9B9208E20100DD90012CB3D /* Zip.framework */ = {isa = PBXFileReference; lastKnownFileType = wrapper.framework; name = Zip.framework; path = Carthage/Build/iOS/Zip.framework; sourceTree = "<group>"; };
		B9B92093201016450012CB3D /* Alamofire.framework */ = {isa = PBXFileReference; lastKnownFileType = wrapper.framework; name = Alamofire.framework; path = Carthage/Build/iOS/Alamofire.framework; sourceTree = "<group>"; };
		B9B920D620117A940012CB3D /* CollectionVC.swift */ = {isa = PBXFileReference; lastKnownFileType = sourcecode.swift; path = CollectionVC.swift; sourceTree = "<group>"; };
		B9B920D720117A940012CB3D /* CollectionVC.xib */ = {isa = PBXFileReference; lastKnownFileType = file.xib; path = CollectionVC.xib; sourceTree = "<group>"; };
		B9B920DB20117ADD0012CB3D /* ImageCollectionCell.swift */ = {isa = PBXFileReference; lastKnownFileType = sourcecode.swift; path = ImageCollectionCell.swift; sourceTree = "<group>"; };
		B9B920DC20117ADD0012CB3D /* ImageCollectionCell.xib */ = {isa = PBXFileReference; lastKnownFileType = file.xib; path = ImageCollectionCell.xib; sourceTree = "<group>"; };
		B9B920DF20117C9A0012CB3D /* TableViewCell.swift */ = {isa = PBXFileReference; lastKnownFileType = sourcecode.swift; path = TableViewCell.swift; sourceTree = "<group>"; };
		B9B920E020117C9A0012CB3D /* TableViewCell.xib */ = {isa = PBXFileReference; lastKnownFileType = file.xib; path = TableViewCell.xib; sourceTree = "<group>"; };
/* End PBXFileReference section */

/* Begin PBXFrameworksBuildPhase section */
		B90B9BAF20100C3000EE501D /* Frameworks */ = {
			isa = PBXFrameworksBuildPhase;
			buildActionMask = 2147483647;
			files = (
				B9B9208F20100DD90012CB3D /* Zip.framework in Frameworks */,
			);
			runOnlyForDeploymentPostprocessing = 0;
		};
/* End PBXFrameworksBuildPhase section */

/* Begin PBXGroup section */
		B90B9BA920100C3000EE501D = {
			isa = PBXGroup;
			children = (
				B9B92093201016450012CB3D /* Alamofire.framework */,
				B9B9208E20100DD90012CB3D /* Zip.framework */,
				B90B9BB420100C3000EE501D /* ZogoFoto */,
				B90B9BB320100C3000EE501D /* Products */,
			);
			sourceTree = "<group>";
		};
		B90B9BB320100C3000EE501D /* Products */ = {
			isa = PBXGroup;
			children = (
				B90B9BB220100C3000EE501D /* ZogoFoto.app */,
			);
			name = Products;
			sourceTree = "<group>";
		};
		B90B9BB420100C3000EE501D /* ZogoFoto */ = {
			isa = PBXGroup;
			children = (
				B966F0822012987F002E7760 /* images.json */,
				B90B9BB520100C3000EE501D /* AppDelegate.swift */,
				B966F08420129994002E7760 /* HomeScreen */,
				B9B920C5201176D80012CB3D /* PreviewTableVC */,
				B9B920D320117A5A0012CB3D /* CollectionView */,
				B9B920CA2011775A0012CB3D /* Cell */,
				B90B9BBC20100C3000EE501D /* Assets.xcassets */,
				B90B9BBE20100C3000EE501D /* LaunchScreen.storyboard */,
				B90B9BC120100C3000EE501D /* Info.plist */,
				B966F085201299FB002E7760 /* Model.swift */,
				B966F08720129BA6002E7760 /* NetworkingService.swift */,
			);
			path = ZogoFoto;
			sourceTree = "<group>";
		};
		B966F08420129994002E7760 /* HomeScreen */ = {
			isa = PBXGroup;
			children = (
				B90B9BB720100C3000EE501D /* HomeScreenVC.swift */,
				B90B9BB920100C3000EE501D /* Main.storyboard */,
			);
			path = HomeScreen;
			sourceTree = "<group>";
		};
		B9B920C5201176D80012CB3D /* PreviewTableVC */ = {
			isa = PBXGroup;
			children = (
				B916E12320117F8D0032397B /* PreviewVC.swift */,
				B916E12420117F8D0032397B /* PreviewVC.xib */,
			);
			path = PreviewTableVC;
			sourceTree = "<group>";
		};
		B9B920CA2011775A0012CB3D /* Cell */ = {
			isa = PBXGroup;
			children = (
				B9B920DB20117ADD0012CB3D /* ImageCollectionCell.swift */,
				B9B920DC20117ADD0012CB3D /* ImageCollectionCell.xib */,
				B9B920DF20117C9A0012CB3D /* TableViewCell.swift */,
				B9B920E020117C9A0012CB3D /* TableViewCell.xib */,
			);
			path = Cell;
			sourceTree = "<group>";
		};
		B9B920D320117A5A0012CB3D /* CollectionView */ = {
			isa = PBXGroup;
			children = (
				B9B920D620117A940012CB3D /* CollectionVC.swift */,
				B9B920D720117A940012CB3D /* CollectionVC.xib */,
			);
			path = CollectionView;
			sourceTree = "<group>";
		};
/* End PBXGroup section */

/* Begin PBXNativeTarget section */
		B90B9BB120100C3000EE501D /* ZogoFoto */ = {
			isa = PBXNativeTarget;
			buildConfigurationList = B90B9BC420100C3000EE501D /* Build configuration list for PBXNativeTarget "ZogoFoto" */;
			buildPhases = (
				B90B9BAE20100C3000EE501D /* Sources */,
				B90B9BAF20100C3000EE501D /* Frameworks */,
				B90B9BB020100C3000EE501D /* Resources */,
				B9B9209120100DD90012CB3D /* Embed Frameworks */,
				B9B9209220100E5F0012CB3D /* ShellScript */,
			);
			buildRules = (
			);
			dependencies = (
			);
			name = ZogoFoto;
			productName = ZogoFoto;
			productReference = B90B9BB220100C3000EE501D /* ZogoFoto.app */;
			productType = "com.apple.product-type.application";
		};
/* End PBXNativeTarget section */

/* Begin PBXProject section */
		B90B9BAA20100C3000EE501D /* Project object */ = {
			isa = PBXProject;
			attributes = {
				LastSwiftUpdateCheck = 0910;
				LastUpgradeCheck = 0910;
				ORGANIZATIONNAME = "Phyllis Wong";
				TargetAttributes = {
					B90B9BB120100C3000EE501D = {
						CreatedOnToolsVersion = 9.1;
						ProvisioningStyle = Automatic;
					};
				};
			};
			buildConfigurationList = B90B9BAD20100C3000EE501D /* Build configuration list for PBXProject "ZogoFoto" */;
			compatibilityVersion = "Xcode 8.0";
			developmentRegion = en;
			hasScannedForEncodings = 0;
			knownRegions = (
				en,
				Base,
			);
			mainGroup = B90B9BA920100C3000EE501D;
			productRefGroup = B90B9BB320100C3000EE501D /* Products */;
			projectDirPath = "";
			projectRoot = "";
			targets = (
				B90B9BB120100C3000EE501D /* ZogoFoto */,
			);
		};
/* End PBXProject section */

/* Begin PBXResourcesBuildPhase section */
		B90B9BB020100C3000EE501D /* Resources */ = {
			isa = PBXResourcesBuildPhase;
			buildActionMask = 2147483647;
			files = (
				B9B920DE20117ADD0012CB3D /* ImageCollectionCell.xib in Resources */,
				B966F0832012987F002E7760 /* images.json in Resources */,
				B90B9BC020100C3000EE501D /* LaunchScreen.storyboard in Resources */,
				B9B920E220117C9A0012CB3D /* TableViewCell.xib in Resources */,
				B9B920D920117A940012CB3D /* CollectionVC.xib in Resources */,
				B90B9BBD20100C3000EE501D /* Assets.xcassets in Resources */,
				B916E12620117F8D0032397B /* PreviewVC.xib in Resources */,
				B90B9BBB20100C3000EE501D /* Main.storyboard in Resources */,
			);
			runOnlyForDeploymentPostprocessing = 0;
		};
/* End PBXResourcesBuildPhase section */

/* Begin PBXShellScriptBuildPhase section */
		B9B9209220100E5F0012CB3D /* ShellScript */ = {
			isa = PBXShellScriptBuildPhase;
			buildActionMask = 2147483647;
			files = (
			);
			inputPaths = (
				"$(SRCROOT)/Carthage/Build/iOS/Zip.framework",
				"$(SRCROOT)/Carthage/Build/iOS/Alamofire.framework",
			);
			outputPaths = (
				"$(BUILT_PRODUCTS_DIR)/$(FRAMEWORKS_FOLDER_PATH)/Zip.framework",
				"$(BUILT_PRODUCTS_DIR)/$(FRAMEWORKS_FOLDER_PATH)/Alamofire.framework",
			);
			runOnlyForDeploymentPostprocessing = 0;
			shellPath = /bin/sh;
			shellScript = "/usr/local/bin/carthage copy-frameworks";
		};
/* End PBXShellScriptBuildPhase section */

/* Begin PBXSourcesBuildPhase section */
		B90B9BAE20100C3000EE501D /* Sources */ = {
			isa = PBXSourcesBuildPhase;
			buildActionMask = 2147483647;
			files = (
				B90B9BB820100C3000EE501D /* HomeScreenVC.swift in Sources */,
				B916E12520117F8D0032397B /* PreviewVC.swift in Sources */,
				B9B920DD20117ADD0012CB3D /* ImageCollectionCell.swift in Sources */,
				B966F08820129BA6002E7760 /* NetworkingService.swift in Sources */,
				B9B920E120117C9A0012CB3D /* TableViewCell.swift in Sources */,
				B90B9BB620100C3000EE501D /* AppDelegate.swift in Sources */,
				B966F086201299FB002E7760 /* Model.swift in Sources */,
				B9B920D820117A940012CB3D /* CollectionVC.swift in Sources */,
			);
			runOnlyForDeploymentPostprocessing = 0;
		};
/* End PBXSourcesBuildPhase section */

/* Begin PBXVariantGroup section */
		B90B9BB920100C3000EE501D /* Main.storyboard */ = {
			isa = PBXVariantGroup;
			children = (
				B90B9BBA20100C3000EE501D /* Base */,
			);
			name = Main.storyboard;
			sourceTree = "<group>";
		};
		B90B9BBE20100C3000EE501D /* LaunchScreen.storyboard */ = {
			isa = PBXVariantGroup;
			children = (
				B90B9BBF20100C3000EE501D /* Base */,
			);
			name = LaunchScreen.storyboard;
			sourceTree = "<group>";
		};
/* End PBXVariantGroup section */

/* Begin XCBuildConfiguration section */
		B90B9BC220100C3000EE501D /* Debug */ = {
			isa = XCBuildConfiguration;
			buildSettings = {
				ALWAYS_SEARCH_USER_PATHS = NO;
				CLANG_ANALYZER_NONNULL = YES;
				CLANG_ANALYZER_NUMBER_OBJECT_CONVERSION = YES_AGGRESSIVE;
				CLANG_CXX_LANGUAGE_STANDARD = "gnu++14";
				CLANG_CXX_LIBRARY = "libc++";
				CLANG_ENABLE_MODULES = YES;
				CLANG_ENABLE_OBJC_ARC = YES;
				CLANG_WARN_BLOCK_CAPTURE_AUTORELEASING = YES;
				CLANG_WARN_BOOL_CONVERSION = YES;
				CLANG_WARN_COMMA = YES;
				CLANG_WARN_CONSTANT_CONVERSION = YES;
				CLANG_WARN_DIRECT_OBJC_ISA_USAGE = YES_ERROR;
				CLANG_WARN_DOCUMENTATION_COMMENTS = YES;
				CLANG_WARN_EMPTY_BODY = YES;
				CLANG_WARN_ENUM_CONVERSION = YES;
				CLANG_WARN_INFINITE_RECURSION = YES;
				CLANG_WARN_INT_CONVERSION = YES;
				CLANG_WARN_NON_LITERAL_NULL_CONVERSION = YES;
				CLANG_WARN_OBJC_LITERAL_CONVERSION = YES;
				CLANG_WARN_OBJC_ROOT_CLASS = YES_ERROR;
				CLANG_WARN_RANGE_LOOP_ANALYSIS = YES;
				CLANG_WARN_STRICT_PROTOTYPES = YES;
				CLANG_WARN_SUSPICIOUS_MOVE = YES;
				CLANG_WARN_UNGUARDED_AVAILABILITY = YES_AGGRESSIVE;
				CLANG_WARN_UNREACHABLE_CODE = YES;
				CLANG_WARN__DUPLICATE_METHOD_MATCH = YES;
				CODE_SIGN_IDENTITY = "iPhone Developer";
				COPY_PHASE_STRIP = NO;
				DEBUG_INFORMATION_FORMAT = dwarf;
				ENABLE_STRICT_OBJC_MSGSEND = YES;
				ENABLE_TESTABILITY = YES;
				GCC_C_LANGUAGE_STANDARD = gnu11;
				GCC_DYNAMIC_NO_PIC = NO;
				GCC_NO_COMMON_BLOCKS = YES;
				GCC_OPTIMIZATION_LEVEL = 0;
				GCC_PREPROCESSOR_DEFINITIONS = (
					"DEBUG=1",
					"$(inherited)",
				);
				GCC_WARN_64_TO_32_BIT_CONVERSION = YES;
				GCC_WARN_ABOUT_RETURN_TYPE = YES_ERROR;
				GCC_WARN_UNDECLARED_SELECTOR = YES;
				GCC_WARN_UNINITIALIZED_AUTOS = YES_AGGRESSIVE;
				GCC_WARN_UNUSED_FUNCTION = YES;
				GCC_WARN_UNUSED_VARIABLE = YES;
				IPHONEOS_DEPLOYMENT_TARGET = 11.1;
				MTL_ENABLE_DEBUG_INFO = YES;
				ONLY_ACTIVE_ARCH = YES;
				SDKROOT = iphoneos;
				SWIFT_ACTIVE_COMPILATION_CONDITIONS = DEBUG;
				SWIFT_OPTIMIZATION_LEVEL = "-Onone";
			};
			name = Debug;
		};
		B90B9BC320100C3000EE501D /* Release */ = {
			isa = XCBuildConfiguration;
			buildSettings = {
				ALWAYS_SEARCH_USER_PATHS = NO;
				CLANG_ANALYZER_NONNULL = YES;
				CLANG_ANALYZER_NUMBER_OBJECT_CONVERSION = YES_AGGRESSIVE;
				CLANG_CXX_LANGUAGE_STANDARD = "gnu++14";
				CLANG_CXX_LIBRARY = "libc++";
				CLANG_ENABLE_MODULES = YES;
				CLANG_ENABLE_OBJC_ARC = YES;
				CLANG_WARN_BLOCK_CAPTURE_AUTORELEASING = YES;
				CLANG_WARN_BOOL_CONVERSION = YES;
				CLANG_WARN_COMMA = YES;
				CLANG_WARN_CONSTANT_CONVERSION = YES;
				CLANG_WARN_DIRECT_OBJC_ISA_USAGE = YES_ERROR;
				CLANG_WARN_DOCUMENTATION_COMMENTS = YES;
				CLANG_WARN_EMPTY_BODY = YES;
				CLANG_WARN_ENUM_CONVERSION = YES;
				CLANG_WARN_INFINITE_RECURSION = YES;
				CLANG_WARN_INT_CONVERSION = YES;
				CLANG_WARN_NON_LITERAL_NULL_CONVERSION = YES;
				CLANG_WARN_OBJC_LITERAL_CONVERSION = YES;
				CLANG_WARN_OBJC_ROOT_CLASS = YES_ERROR;
				CLANG_WARN_RANGE_LOOP_ANALYSIS = YES;
				CLANG_WARN_STRICT_PROTOTYPES = YES;
				CLANG_WARN_SUSPICIOUS_MOVE = YES;
				CLANG_WARN_UNGUARDED_AVAILABILITY = YES_AGGRESSIVE;
				CLANG_WARN_UNREACHABLE_CODE = YES;
				CLANG_WARN__DUPLICATE_METHOD_MATCH = YES;
				CODE_SIGN_IDENTITY = "iPhone Developer";
				COPY_PHASE_STRIP = NO;
				DEBUG_INFORMATION_FORMAT = "dwarf-with-dsym";
				ENABLE_NS_ASSERTIONS = NO;
				ENABLE_STRICT_OBJC_MSGSEND = YES;
				GCC_C_LANGUAGE_STANDARD = gnu11;
				GCC_NO_COMMON_BLOCKS = YES;
				GCC_WARN_64_TO_32_BIT_CONVERSION = YES;
				GCC_WARN_ABOUT_RETURN_TYPE = YES_ERROR;
				GCC_WARN_UNDECLARED_SELECTOR = YES;
				GCC_WARN_UNINITIALIZED_AUTOS = YES_AGGRESSIVE;
				GCC_WARN_UNUSED_FUNCTION = YES;
				GCC_WARN_UNUSED_VARIABLE = YES;
				IPHONEOS_DEPLOYMENT_TARGET = 11.1;
				MTL_ENABLE_DEBUG_INFO = NO;
				SDKROOT = iphoneos;
				SWIFT_OPTIMIZATION_LEVEL = "-Owholemodule";
				VALIDATE_PRODUCT = YES;
			};
			name = Release;
		};
		B90B9BC520100C3000EE501D /* Debug */ = {
			isa = XCBuildConfiguration;
			buildSettings = {
				ASSETCATALOG_COMPILER_APPICON_NAME = AppIcon;
				CODE_SIGN_STYLE = Automatic;
				DEVELOPMENT_TEAM = S44SNCV32X;
				FRAMEWORK_SEARCH_PATHS = (
					"$(inherited)",
					"$(PROJECT_DIR)/Carthage/Build/iOS",
				);
				INFOPLIST_FILE = ZogoFoto/Info.plist;
				IPHONEOS_DEPLOYMENT_TARGET = 11.0;
				LD_RUNPATH_SEARCH_PATHS = "$(inherited) @executable_path/Frameworks";
				PRODUCT_BUNDLE_IDENTIFIER = com.phyllisApps.ZogoFoto;
				PRODUCT_NAME = "$(TARGET_NAME)";
				SWIFT_VERSION = 4.0;
				TARGETED_DEVICE_FAMILY = "1,2";
			};
			name = Debug;
		};
		B90B9BC620100C3000EE501D /* Release */ = {
			isa = XCBuildConfiguration;
			buildSettings = {
				ASSETCATALOG_COMPILER_APPICON_NAME = AppIcon;
				CODE_SIGN_STYLE = Automatic;
				DEVELOPMENT_TEAM = S44SNCV32X;
				FRAMEWORK_SEARCH_PATHS = (
					"$(inherited)",
					"$(PROJECT_DIR)/Carthage/Build/iOS",
				);
				INFOPLIST_FILE = ZogoFoto/Info.plist;
				IPHONEOS_DEPLOYMENT_TARGET = 11.0;
				LD_RUNPATH_SEARCH_PATHS = "$(inherited) @executable_path/Frameworks";
				PRODUCT_BUNDLE_IDENTIFIER = com.phyllisApps.ZogoFoto;
				PRODUCT_NAME = "$(TARGET_NAME)";
				SWIFT_VERSION = 4.0;
				TARGETED_DEVICE_FAMILY = "1,2";
			};
			name = Release;
		};
/* End XCBuildConfiguration section */

/* Begin XCConfigurationList section */
		B90B9BAD20100C3000EE501D /* Build configuration list for PBXProject "ZogoFoto" */ = {
			isa = XCConfigurationList;
			buildConfigurations = (
				B90B9BC220100C3000EE501D /* Debug */,
				B90B9BC320100C3000EE501D /* Release */,
			);
			defaultConfigurationIsVisible = 0;
			defaultConfigurationName = Release;
		};
		B90B9BC420100C3000EE501D /* Build configuration list for PBXNativeTarget "ZogoFoto" */ = {
			isa = XCConfigurationList;
			buildConfigurations = (
				B90B9BC520100C3000EE501D /* Debug */,
				B90B9BC620100C3000EE501D /* Release */,
			);
			defaultConfigurationIsVisible = 0;
			defaultConfigurationName = Release;
		};
/* End XCConfigurationList section */
	};
	rootObject = B90B9BAA20100C3000EE501D /* Project object */;
}
